# Generated by buf. DO NOT EDIT.
version: v1
deps:
  - remote: buf.build
    owner: travix
    repository: gotf
    commit: 7c9973f8f668437ab1bbcb6987461df6
    digest: shake256:19205e02a397e9f57733cb0b099d35058f4b471b284dc282c9336fb65c51399a9fc085d7512402211d040abc1b10da13c9d434343ce4bc87c88c29e023999551
