# Generated by buf. DO NOT EDIT.
version: v1
deps:
  - remote: buf.build
    owner: travix
    repository: gotf
    commit: 24d73ce5383f4ff7bc64a8330c4c9ee9
    digest: shake256:8c2764f57db6e9fe5f9056551f3d58f784960025f815c18807d2f305e1c2949802b60a301ec6876aa661e1f6fffae6325ca35b1b4d84946c327482247d6c462a
