# Generated by buf. DO NOT EDIT.
version: v1
deps:
  - remote: buf.build
    owner: travix
    repository: gotf
    commit: b7686f32b1c14f48887f1b93e35e4091
    digest: shake256:b5b8f52706770220e9230c070a718935f122da8f3a6edbd14b6e462a240e6c0ca26e7b02a43c54923907974c6db3f1eedbd6d0632175a81cd48e267d6e59fb5d
